// !$*UTF8*$!
{
	archiveVersion = 1;
	classes = {
	};
	objectVersion = 46;
	objects = {

/* Begin PBXBuildFile section */
		A3277CFF18331DA5003EAB06 /* Foundation.framework in Frameworks */ = {isa = PBXBuildFile; fileRef = A3277CFE18331DA5003EAB06 /* Foundation.framework */; };
		A3277D0118331DA5003EAB06 /* CoreGraphics.framework in Frameworks */ = {isa = PBXBuildFile; fileRef = A3277D0018331DA5003EAB06 /* CoreGraphics.framework */; };
		A3277D0318331DA5003EAB06 /* UIKit.framework in Frameworks */ = {isa = PBXBuildFile; fileRef = A3277D0218331DA5003EAB06 /* UIKit.framework */; };
		A3277D0918331DA5003EAB06 /* InfoPlist.strings in Resources */ = {isa = PBXBuildFile; fileRef = A3277D0718331DA5003EAB06 /* InfoPlist.strings */; };
		A3277D0B18331DA5003EAB06 /* main.m in Sources */ = {isa = PBXBuildFile; fileRef = A3277D0A18331DA5003EAB06 /* main.m */; };
		A3277D0F18331DA5003EAB06 /* AppDelegate.m in Sources */ = {isa = PBXBuildFile; fileRef = A3277D0E18331DA5003EAB06 /* AppDelegate.m */; };
		A3277D1218331DA5003EAB06 /* Main.storyboard in Resources */ = {isa = PBXBuildFile; fileRef = A3277D1018331DA5003EAB06 /* Main.storyboard */; };
		A3277D1818331DA5003EAB06 /* FeedViewController.m in Sources */ = {isa = PBXBuildFile; fileRef = A3277D1718331DA5003EAB06 /* FeedViewController.m */; };
		A3277D1A18331DA5003EAB06 /* Images.xcassets in Resources */ = {isa = PBXBuildFile; fileRef = A3277D1918331DA5003EAB06 /* Images.xcassets */; };
		A3277D2118331DA5003EAB06 /* XCTest.framework in Frameworks */ = {isa = PBXBuildFile; fileRef = A3277D2018331DA5003EAB06 /* XCTest.framework */; };
		A3277D2218331DA5003EAB06 /* Foundation.framework in Frameworks */ = {isa = PBXBuildFile; fileRef = A3277CFE18331DA5003EAB06 /* Foundation.framework */; };
		A3277D2318331DA5003EAB06 /* UIKit.framework in Frameworks */ = {isa = PBXBuildFile; fileRef = A3277D0218331DA5003EAB06 /* UIKit.framework */; };
		A3277D2B18331DA5003EAB06 /* InfoPlist.strings in Resources */ = {isa = PBXBuildFile; fileRef = A3277D2918331DA5003EAB06 /* InfoPlist.strings */; };
		A3277D2D18331DA5003EAB06 /* PeekTests.m in Sources */ = {isa = PBXBuildFile; fileRef = A3277D2C18331DA5003EAB06 /* PeekTests.m */; };
		A3277D39183321EA003EAB06 /* ContactRequestCell.m in Sources */ = {isa = PBXBuildFile; fileRef = A3277D38183321EA003EAB06 /* ContactRequestCell.m */; };
		A3277D3C1833222A003EAB06 /* RequestViewController.m in Sources */ = {isa = PBXBuildFile; fileRef = A3277D3B1833222A003EAB06 /* RequestViewController.m */; };
		A3277D3F183325C4003EAB06 /* LoginViewController.m in Sources */ = {isa = PBXBuildFile; fileRef = A3277D3E183325C4003EAB06 /* LoginViewController.m */; };
		A3277D4118332769003EAB06 /* parse_keys in Resources */ = {isa = PBXBuildFile; fileRef = A3277D4018332769003EAB06 /* parse_keys */; };
		A3277D4718332DAE003EAB06 /* Security.framework in Frameworks */ = {isa = PBXBuildFile; fileRef = A3277D4618332DAE003EAB06 /* Security.framework */; };
		A3277D4918332DB6003EAB06 /* SystemConfiguration.framework in Frameworks */ = {isa = PBXBuildFile; fileRef = A3277D4818332DB6003EAB06 /* SystemConfiguration.framework */; };
		A3277D4B18332E05003EAB06 /* AudioToolbox.framework in Frameworks */ = {isa = PBXBuildFile; fileRef = A3277D4A18332E05003EAB06 /* AudioToolbox.framework */; };
		A3277D4D18332E0C003EAB06 /* CFNetwork.framework in Frameworks */ = {isa = PBXBuildFile; fileRef = A3277D4C18332E0C003EAB06 /* CFNetwork.framework */; };
		A3277D4F18332E13003EAB06 /* CoreLocation.framework in Frameworks */ = {isa = PBXBuildFile; fileRef = A3277D4E18332E13003EAB06 /* CoreLocation.framework */; };
		A3277D5118332E1B003EAB06 /* libz.1.1.3.dylib in Frameworks */ = {isa = PBXBuildFile; fileRef = A3277D5018332E1B003EAB06 /* libz.1.1.3.dylib */; };
		A3277D5318332E21003EAB06 /* MobileCoreServices.framework in Frameworks */ = {isa = PBXBuildFile; fileRef = A3277D5218332E21003EAB06 /* MobileCoreServices.framework */; };
		A3277D5518332E26003EAB06 /* QuartzCore.framework in Frameworks */ = {isa = PBXBuildFile; fileRef = A3277D5418332E26003EAB06 /* QuartzCore.framework */; };
		A3277D5718332E2C003EAB06 /* StoreKit.framework in Frameworks */ = {isa = PBXBuildFile; fileRef = A3277D5618332E2C003EAB06 /* StoreKit.framework */; };
		A37AD77E18CFD84200A18672 /* Parse.framework in Frameworks */ = {isa = PBXBuildFile; fileRef = A37AD77D18CFD84200A18672 /* Parse.framework */; };
		A38F0600184EC90E0085EDC1 /* SignUpViewController.m in Sources */ = {isa = PBXBuildFile; fileRef = A38F05FF184EC90E0085EDC1 /* SignUpViewController.m */; };
		A3A8B85A18AC4A740076B356 /* PKContact.m in Sources */ = {isa = PBXBuildFile; fileRef = A3A8B85918AC4A740076B356 /* PKContact.m */; };
		A3A8B85E18AC4B9E0076B356 /* PKClient.m in Sources */ = {isa = PBXBuildFile; fileRef = A3A8B85D18AC4B9E0076B356 /* PKClient.m */; };
		A3C62C2318340B0400F8A8F6 /* FacebookSDK.framework in Frameworks */ = {isa = PBXBuildFile; fileRef = A3C62C2218340B0400F8A8F6 /* FacebookSDK.framework */; };
		A3FE49FB18B55B6B00794DCF /* AddContactViewController.m in Sources */ = {isa = PBXBuildFile; fileRef = A3FE49FA18B55B6B00794DCF /* AddContactViewController.m */; };
/* End PBXBuildFile section */

/* Begin PBXContainerItemProxy section */
		A3277D2418331DA5003EAB06 /* PBXContainerItemProxy */ = {
			isa = PBXContainerItemProxy;
			containerPortal = A3277CF318331DA5003EAB06 /* Project object */;
			proxyType = 1;
			remoteGlobalIDString = A3277CFA18331DA5003EAB06;
			remoteInfo = Peek;
		};
/* End PBXContainerItemProxy section */

/* Begin PBXFileReference section */
		A3277CFB18331DA5003EAB06 /* Peek.app */ = {isa = PBXFileReference; explicitFileType = wrapper.application; includeInIndex = 0; path = Peek.app; sourceTree = BUILT_PRODUCTS_DIR; };
		A3277CFE18331DA5003EAB06 /* Foundation.framework */ = {isa = PBXFileReference; lastKnownFileType = wrapper.framework; name = Foundation.framework; path = System/Library/Frameworks/Foundation.framework; sourceTree = SDKROOT; };
		A3277D0018331DA5003EAB06 /* CoreGraphics.framework */ = {isa = PBXFileReference; lastKnownFileType = wrapper.framework; name = CoreGraphics.framework; path = System/Library/Frameworks/CoreGraphics.framework; sourceTree = SDKROOT; };
		A3277D0218331DA5003EAB06 /* UIKit.framework */ = {isa = PBXFileReference; lastKnownFileType = wrapper.framework; name = UIKit.framework; path = System/Library/Frameworks/UIKit.framework; sourceTree = SDKROOT; };
		A3277D0618331DA5003EAB06 /* Peek-Info.plist */ = {isa = PBXFileReference; lastKnownFileType = text.plist.xml; path = "Peek-Info.plist"; sourceTree = "<group>"; };
		A3277D0818331DA5003EAB06 /* en */ = {isa = PBXFileReference; lastKnownFileType = text.plist.strings; name = en; path = en.lproj/InfoPlist.strings; sourceTree = "<group>"; };
		A3277D0A18331DA5003EAB06 /* main.m */ = {isa = PBXFileReference; lastKnownFileType = sourcecode.c.objc; path = main.m; sourceTree = "<group>"; };
		A3277D0C18331DA5003EAB06 /* Peek-Prefix.pch */ = {isa = PBXFileReference; lastKnownFileType = sourcecode.c.h; path = "Peek-Prefix.pch"; sourceTree = "<group>"; };
		A3277D0D18331DA5003EAB06 /* AppDelegate.h */ = {isa = PBXFileReference; lastKnownFileType = sourcecode.c.h; path = AppDelegate.h; sourceTree = "<group>"; };
		A3277D0E18331DA5003EAB06 /* AppDelegate.m */ = {isa = PBXFileReference; lastKnownFileType = sourcecode.c.objc; path = AppDelegate.m; sourceTree = "<group>"; };
		A3277D1118331DA5003EAB06 /* Base */ = {isa = PBXFileReference; lastKnownFileType = file.storyboard; name = Base; path = Base.lproj/Main.storyboard; sourceTree = "<group>"; };
		A3277D1618331DA5003EAB06 /* FeedViewController.h */ = {isa = PBXFileReference; lastKnownFileType = sourcecode.c.h; path = FeedViewController.h; sourceTree = "<group>"; };
		A3277D1718331DA5003EAB06 /* FeedViewController.m */ = {isa = PBXFileReference; lastKnownFileType = sourcecode.c.objc; path = FeedViewController.m; sourceTree = "<group>"; };
		A3277D1918331DA5003EAB06 /* Images.xcassets */ = {isa = PBXFileReference; lastKnownFileType = folder.assetcatalog; path = Images.xcassets; sourceTree = "<group>"; };
		A3277D1F18331DA5003EAB06 /* PeekTests.xctest */ = {isa = PBXFileReference; explicitFileType = wrapper.cfbundle; includeInIndex = 0; path = PeekTests.xctest; sourceTree = BUILT_PRODUCTS_DIR; };
		A3277D2018331DA5003EAB06 /* XCTest.framework */ = {isa = PBXFileReference; lastKnownFileType = wrapper.framework; name = XCTest.framework; path = Library/Frameworks/XCTest.framework; sourceTree = DEVELOPER_DIR; };
		A3277D2818331DA5003EAB06 /* PeekTests-Info.plist */ = {isa = PBXFileReference; lastKnownFileType = text.plist.xml; path = "PeekTests-Info.plist"; sourceTree = "<group>"; };
		A3277D2A18331DA5003EAB06 /* en */ = {isa = PBXFileReference; lastKnownFileType = text.plist.strings; name = en; path = en.lproj/InfoPlist.strings; sourceTree = "<group>"; };
		A3277D2C18331DA5003EAB06 /* PeekTests.m */ = {isa = PBXFileReference; lastKnownFileType = sourcecode.c.objc; path = PeekTests.m; sourceTree = "<group>"; };
		A3277D37183321EA003EAB06 /* ContactRequestCell.h */ = {isa = PBXFileReference; fileEncoding = 4; lastKnownFileType = sourcecode.c.h; name = ContactRequestCell.h; path = Requests/ContactRequestCell.h; sourceTree = "<group>"; };
		A3277D38183321EA003EAB06 /* ContactRequestCell.m */ = {isa = PBXFileReference; fileEncoding = 4; lastKnownFileType = sourcecode.c.objc; name = ContactRequestCell.m; path = Requests/ContactRequestCell.m; sourceTree = "<group>"; };
		A3277D3A1833222A003EAB06 /* RequestViewController.h */ = {isa = PBXFileReference; fileEncoding = 4; lastKnownFileType = sourcecode.c.h; name = RequestViewController.h; path = Requests/RequestViewController.h; sourceTree = "<group>"; };
		A3277D3B1833222A003EAB06 /* RequestViewController.m */ = {isa = PBXFileReference; fileEncoding = 4; lastKnownFileType = sourcecode.c.objc; name = RequestViewController.m; path = Requests/RequestViewController.m; sourceTree = "<group>"; };
		A3277D3D183325C4003EAB06 /* LoginViewController.h */ = {isa = PBXFileReference; fileEncoding = 4; lastKnownFileType = sourcecode.c.h; name = LoginViewController.h; path = Peek/Login/LoginViewController.h; sourceTree = SOURCE_ROOT; };
		A3277D3E183325C4003EAB06 /* LoginViewController.m */ = {isa = PBXFileReference; fileEncoding = 4; lastKnownFileType = sourcecode.c.objc; name = LoginViewController.m; path = Peek/Login/LoginViewController.m; sourceTree = SOURCE_ROOT; };
		A3277D4018332769003EAB06 /* parse_keys */ = {isa = PBXFileReference; fileEncoding = 4; lastKnownFileType = text; path = parse_keys; sourceTree = "<group>"; };
		A3277D4618332DAE003EAB06 /* Security.framework */ = {isa = PBXFileReference; lastKnownFileType = wrapper.framework; name = Security.framework; path = System/Library/Frameworks/Security.framework; sourceTree = SDKROOT; };
		A3277D4818332DB6003EAB06 /* SystemConfiguration.framework */ = {isa = PBXFileReference; lastKnownFileType = wrapper.framework; name = SystemConfiguration.framework; path = System/Library/Frameworks/SystemConfiguration.framework; sourceTree = SDKROOT; };
		A3277D4A18332E05003EAB06 /* AudioToolbox.framework */ = {isa = PBXFileReference; lastKnownFileType = wrapper.framework; name = AudioToolbox.framework; path = System/Library/Frameworks/AudioToolbox.framework; sourceTree = SDKROOT; };
		A3277D4C18332E0C003EAB06 /* CFNetwork.framework */ = {isa = PBXFileReference; lastKnownFileType = wrapper.framework; name = CFNetwork.framework; path = System/Library/Frameworks/CFNetwork.framework; sourceTree = SDKROOT; };
		A3277D4E18332E13003EAB06 /* CoreLocation.framework */ = {isa = PBXFileReference; lastKnownFileType = wrapper.framework; name = CoreLocation.framework; path = System/Library/Frameworks/CoreLocation.framework; sourceTree = SDKROOT; };
		A3277D5018332E1B003EAB06 /* libz.1.1.3.dylib */ = {isa = PBXFileReference; lastKnownFileType = "compiled.mach-o.dylib"; name = libz.1.1.3.dylib; path = usr/lib/libz.1.1.3.dylib; sourceTree = SDKROOT; };
		A3277D5218332E21003EAB06 /* MobileCoreServices.framework */ = {isa = PBXFileReference; lastKnownFileType = wrapper.framework; name = MobileCoreServices.framework; path = System/Library/Frameworks/MobileCoreServices.framework; sourceTree = SDKROOT; };
		A3277D5418332E26003EAB06 /* QuartzCore.framework */ = {isa = PBXFileReference; lastKnownFileType = wrapper.framework; name = QuartzCore.framework; path = System/Library/Frameworks/QuartzCore.framework; sourceTree = SDKROOT; };
		A3277D5618332E2C003EAB06 /* StoreKit.framework */ = {isa = PBXFileReference; lastKnownFileType = wrapper.framework; name = StoreKit.framework; path = System/Library/Frameworks/StoreKit.framework; sourceTree = SDKROOT; };
		A37AD77D18CFD84200A18672 /* Parse.framework */ = {isa = PBXFileReference; lastKnownFileType = wrapper.framework; path = Parse.framework; sourceTree = "<group>"; };
		A38F05FE184EC90E0085EDC1 /* SignUpViewController.h */ = {isa = PBXFileReference; fileEncoding = 4; lastKnownFileType = sourcecode.c.h; path = SignUpViewController.h; sourceTree = "<group>"; };
		A38F05FF184EC90E0085EDC1 /* SignUpViewController.m */ = {isa = PBXFileReference; fileEncoding = 4; lastKnownFileType = sourcecode.c.objc; path = SignUpViewController.m; sourceTree = "<group>"; };
		A3A8B85818AC4A740076B356 /* PKContact.h */ = {isa = PBXFileReference; fileEncoding = 4; lastKnownFileType = sourcecode.c.h; path = PKContact.h; sourceTree = "<group>"; };
		A3A8B85918AC4A740076B356 /* PKContact.m */ = {isa = PBXFileReference; fileEncoding = 4; lastKnownFileType = sourcecode.c.objc; path = PKContact.m; sourceTree = "<group>"; };
		A3A8B85C18AC4B9E0076B356 /* PKClient.h */ = {isa = PBXFileReference; fileEncoding = 4; lastKnownFileType = sourcecode.c.h; path = PKClient.h; sourceTree = "<group>"; };
		A3A8B85D18AC4B9E0076B356 /* PKClient.m */ = {isa = PBXFileReference; fileEncoding = 4; lastKnownFileType = sourcecode.c.objc; path = PKClient.m; sourceTree = "<group>"; };
		A3C62C2218340B0400F8A8F6 /* FacebookSDK.framework */ = {isa = PBXFileReference; lastKnownFileType = wrapper.framework; name = FacebookSDK.framework; path = ../../../Documents/FacebookSDK/FacebookSDK.framework; sourceTree = "<group>"; };
		A3FE49F918B55B6B00794DCF /* AddContactViewController.h */ = {isa = PBXFileReference; fileEncoding = 4; lastKnownFileType = sourcecode.c.h; name = AddContactViewController.h; path = Requests/AddContactViewController.h; sourceTree = "<group>"; };
		A3FE49FA18B55B6B00794DCF /* AddContactViewController.m */ = {isa = PBXFileReference; fileEncoding = 4; lastKnownFileType = sourcecode.c.objc; name = AddContactViewController.m; path = Requests/AddContactViewController.m; sourceTree = "<group>"; };
/* End PBXFileReference section */

/* Begin PBXFrameworksBuildPhase section */
		A3277CF818331DA5003EAB06 /* Frameworks */ = {
			isa = PBXFrameworksBuildPhase;
			buildActionMask = 2147483647;
			files = (
				A3277D5718332E2C003EAB06 /* StoreKit.framework in Frameworks */,
				A3277D5518332E26003EAB06 /* QuartzCore.framework in Frameworks */,
				A3277D5318332E21003EAB06 /* MobileCoreServices.framework in Frameworks */,
				A3277D5118332E1B003EAB06 /* libz.1.1.3.dylib in Frameworks */,
				A3277D4F18332E13003EAB06 /* CoreLocation.framework in Frameworks */,
				A3277D4D18332E0C003EAB06 /* CFNetwork.framework in Frameworks */,
				A3277D4B18332E05003EAB06 /* AudioToolbox.framework in Frameworks */,
				A3277D4918332DB6003EAB06 /* SystemConfiguration.framework in Frameworks */,
				A3277D4718332DAE003EAB06 /* Security.framework in Frameworks */,
				A3277D0118331DA5003EAB06 /* CoreGraphics.framework in Frameworks */,
				A37AD77E18CFD84200A18672 /* Parse.framework in Frameworks */,
				A3277D0318331DA5003EAB06 /* UIKit.framework in Frameworks */,
				A3277CFF18331DA5003EAB06 /* Foundation.framework in Frameworks */,
				A3C62C2318340B0400F8A8F6 /* FacebookSDK.framework in Frameworks */,
			);
			runOnlyForDeploymentPostprocessing = 0;
		};
		A3277D1C18331DA5003EAB06 /* Frameworks */ = {
			isa = PBXFrameworksBuildPhase;
			buildActionMask = 2147483647;
			files = (
				A3277D2118331DA5003EAB06 /* XCTest.framework in Frameworks */,
				A3277D2318331DA5003EAB06 /* UIKit.framework in Frameworks */,
				A3277D2218331DA5003EAB06 /* Foundation.framework in Frameworks */,
			);
			runOnlyForDeploymentPostprocessing = 0;
		};
/* End PBXFrameworksBuildPhase section */

/* Begin PBXGroup section */
		A3277CF218331DA5003EAB06 = {
			isa = PBXGroup;
			children = (
				A3277D0418331DA5003EAB06 /* Peek */,
				A3277D2618331DA5003EAB06 /* PeekTests */,
				A3277CFD18331DA5003EAB06 /* Frameworks */,
				A3277CFC18331DA5003EAB06 /* Products */,
			);
			sourceTree = "<group>";
		};
		A3277CFC18331DA5003EAB06 /* Products */ = {
			isa = PBXGroup;
			children = (
				A3277CFB18331DA5003EAB06 /* Peek.app */,
				A3277D1F18331DA5003EAB06 /* PeekTests.xctest */,
			);
			name = Products;
			sourceTree = "<group>";
		};
		A3277CFD18331DA5003EAB06 /* Frameworks */ = {
			isa = PBXGroup;
			children = (
				A37AD77D18CFD84200A18672 /* Parse.framework */,
				A3C62C2218340B0400F8A8F6 /* FacebookSDK.framework */,
				A3277D5618332E2C003EAB06 /* StoreKit.framework */,
				A3277D5418332E26003EAB06 /* QuartzCore.framework */,
				A3277D5218332E21003EAB06 /* MobileCoreServices.framework */,
				A3277D5018332E1B003EAB06 /* libz.1.1.3.dylib */,
				A3277D4E18332E13003EAB06 /* CoreLocation.framework */,
				A3277D4C18332E0C003EAB06 /* CFNetwork.framework */,
				A3277D4A18332E05003EAB06 /* AudioToolbox.framework */,
				A3277D4818332DB6003EAB06 /* SystemConfiguration.framework */,
				A3277D4618332DAE003EAB06 /* Security.framework */,
				A3277CFE18331DA5003EAB06 /* Foundation.framework */,
				A3277D0018331DA5003EAB06 /* CoreGraphics.framework */,
				A3277D0218331DA5003EAB06 /* UIKit.framework */,
				A3277D2018331DA5003EAB06 /* XCTest.framework */,
			);
			name = Frameworks;
			sourceTree = "<group>";
		};
		A3277D0418331DA5003EAB06 /* Peek */ = {
			isa = PBXGroup;
			children = (
				A3277D0D18331DA5003EAB06 /* AppDelegate.h */,
				A3277D0E18331DA5003EAB06 /* AppDelegate.m */,
				A3277D1018331DA5003EAB06 /* Main.storyboard */,
				A3277D1618331DA5003EAB06 /* FeedViewController.h */,
				A3277D1718331DA5003EAB06 /* FeedViewController.m */,
				A3A8B85B18AC4A7E0076B356 /* Model */,
				A3A8B86018AC4BB40076B356 /* Network */,
				A38F05F7184EC79C0085EDC1 /* Login */,
				A3277D36183320AD003EAB06 /* Requests */,
				A3277D1918331DA5003EAB06 /* Images.xcassets */,
				A3277D0518331DA5003EAB06 /* Supporting Files */,
				A3277D4018332769003EAB06 /* parse_keys */,
			);
			path = Peek;
			sourceTree = "<group>";
		};
		A3277D0518331DA5003EAB06 /* Supporting Files */ = {
			isa = PBXGroup;
			children = (
				A3277D0618331DA5003EAB06 /* Peek-Info.plist */,
				A3277D0718331DA5003EAB06 /* InfoPlist.strings */,
				A3277D0A18331DA5003EAB06 /* main.m */,
				A3277D0C18331DA5003EAB06 /* Peek-Prefix.pch */,
			);
			name = "Supporting Files";
			sourceTree = "<group>";
		};
		A3277D2618331DA5003EAB06 /* PeekTests */ = {
			isa = PBXGroup;
			children = (
				A3277D2C18331DA5003EAB06 /* PeekTests.m */,
				A3277D2718331DA5003EAB06 /* Supporting Files */,
			);
			path = PeekTests;
			sourceTree = "<group>";
		};
		A3277D2718331DA5003EAB06 /* Supporting Files */ = {
			isa = PBXGroup;
			children = (
				A3277D2818331DA5003EAB06 /* PeekTests-Info.plist */,
				A3277D2918331DA5003EAB06 /* InfoPlist.strings */,
			);
			name = "Supporting Files";
			sourceTree = "<group>";
		};
		A3277D36183320AD003EAB06 /* Requests */ = {
			isa = PBXGroup;
			children = (
				A3FE49F918B55B6B00794DCF /* AddContactViewController.h */,
				A3FE49FA18B55B6B00794DCF /* AddContactViewController.m */,
				A3277D3A1833222A003EAB06 /* RequestViewController.h */,
				A3277D3B1833222A003EAB06 /* RequestViewController.m */,
				A3277D37183321EA003EAB06 /* ContactRequestCell.h */,
				A3277D38183321EA003EAB06 /* ContactRequestCell.m */,
			);
			name = Requests;
			sourceTree = "<group>";
		};
		A38F05F7184EC79C0085EDC1 /* Login */ = {
			isa = PBXGroup;
			children = (
				A3277D3D183325C4003EAB06 /* LoginViewController.h */,
				A3277D3E183325C4003EAB06 /* LoginViewController.m */,
				A38F05FE184EC90E0085EDC1 /* SignUpViewController.h */,
				A38F05FF184EC90E0085EDC1 /* SignUpViewController.m */,
			);
			path = Login;
			sourceTree = "<group>";
		};
		A3A8B85B18AC4A7E0076B356 /* Model */ = {
			isa = PBXGroup;
			children = (
				A3A8B85818AC4A740076B356 /* PKContact.h */,
				A3A8B85918AC4A740076B356 /* PKContact.m */,
			);
			path = Model;
			sourceTree = "<group>";
		};
		A3A8B86018AC4BB40076B356 /* Network */ = {
			isa = PBXGroup;
			children = (
				A3A8B85C18AC4B9E0076B356 /* PKClient.h */,
				A3A8B85D18AC4B9E0076B356 /* PKClient.m */,
			);
			path = Network;
			sourceTree = "<group>";
		};
/* End PBXGroup section */

/* Begin PBXNativeTarget section */
		A3277CFA18331DA5003EAB06 /* Peek */ = {
			isa = PBXNativeTarget;
			buildConfigurationList = A3277D3018331DA5003EAB06 /* Build configuration list for PBXNativeTarget "Peek" */;
			buildPhases = (
				A3277CF718331DA5003EAB06 /* Sources */,
				A3277CF818331DA5003EAB06 /* Frameworks */,
				A3277CF918331DA5003EAB06 /* Resources */,
			);
			buildRules = (
			);
			dependencies = (
			);
			name = Peek;
			productName = Peek;
			productReference = A3277CFB18331DA5003EAB06 /* Peek.app */;
			productType = "com.apple.product-type.application";
		};
		A3277D1E18331DA5003EAB06 /* PeekTests */ = {
			isa = PBXNativeTarget;
			buildConfigurationList = A3277D3318331DA5003EAB06 /* Build configuration list for PBXNativeTarget "PeekTests" */;
			buildPhases = (
				A3277D1B18331DA5003EAB06 /* Sources */,
				A3277D1C18331DA5003EAB06 /* Frameworks */,
				A3277D1D18331DA5003EAB06 /* Resources */,
			);
			buildRules = (
			);
			dependencies = (
				A3277D2518331DA5003EAB06 /* PBXTargetDependency */,
			);
			name = PeekTests;
			productName = PeekTests;
			productReference = A3277D1F18331DA5003EAB06 /* PeekTests.xctest */;
			productType = "com.apple.product-type.bundle.unit-test";
		};
/* End PBXNativeTarget section */

/* Begin PBXProject section */
		A3277CF318331DA5003EAB06 /* Project object */ = {
			isa = PBXProject;
			attributes = {
				LastUpgradeCheck = 0500;
				ORGANIZATIONNAME = mattgraf;
				TargetAttributes = {
					A3277D1E18331DA5003EAB06 = {
						TestTargetID = A3277CFA18331DA5003EAB06;
					};
				};
			};
			buildConfigurationList = A3277CF618331DA5003EAB06 /* Build configuration list for PBXProject "Peek" */;
			compatibilityVersion = "Xcode 3.2";
			developmentRegion = English;
			hasScannedForEncodings = 0;
			knownRegions = (
				en,
				Base,
			);
			mainGroup = A3277CF218331DA5003EAB06;
			productRefGroup = A3277CFC18331DA5003EAB06 /* Products */;
			projectDirPath = "";
			projectRoot = "";
			targets = (
				A3277CFA18331DA5003EAB06 /* Peek */,
				A3277D1E18331DA5003EAB06 /* PeekTests */,
			);
		};
/* End PBXProject section */

/* Begin PBXResourcesBuildPhase section */
		A3277CF918331DA5003EAB06 /* Resources */ = {
			isa = PBXResourcesBuildPhase;
			buildActionMask = 2147483647;
			files = (
				A3277D4118332769003EAB06 /* parse_keys in Resources */,
				A3277D1A18331DA5003EAB06 /* Images.xcassets in Resources */,
				A3277D0918331DA5003EAB06 /* InfoPlist.strings in Resources */,
				A3277D1218331DA5003EAB06 /* Main.storyboard in Resources */,
			);
			runOnlyForDeploymentPostprocessing = 0;
		};
		A3277D1D18331DA5003EAB06 /* Resources */ = {
			isa = PBXResourcesBuildPhase;
			buildActionMask = 2147483647;
			files = (
				A3277D2B18331DA5003EAB06 /* InfoPlist.strings in Resources */,
			);
			runOnlyForDeploymentPostprocessing = 0;
		};
/* End PBXResourcesBuildPhase section */

/* Begin PBXSourcesBuildPhase section */
		A3277CF718331DA5003EAB06 /* Sources */ = {
			isa = PBXSourcesBuildPhase;
			buildActionMask = 2147483647;
			files = (
				A3277D1818331DA5003EAB06 /* FeedViewController.m in Sources */,
				A3277D39183321EA003EAB06 /* ContactRequestCell.m in Sources */,
				A3277D3F183325C4003EAB06 /* LoginViewController.m in Sources */,
				A3FE49FB18B55B6B00794DCF /* AddContactViewController.m in Sources */,
				A3277D3C1833222A003EAB06 /* RequestViewController.m in Sources */,
				A3277D0F18331DA5003EAB06 /* AppDelegate.m in Sources */,
				A3A8B85E18AC4B9E0076B356 /* PKClient.m in Sources */,
				A3A8B85A18AC4A740076B356 /* PKContact.m in Sources */,
				A38F0600184EC90E0085EDC1 /* SignUpViewController.m in Sources */,
				A3277D0B18331DA5003EAB06 /* main.m in Sources */,
			);
			runOnlyForDeploymentPostprocessing = 0;
		};
		A3277D1B18331DA5003EAB06 /* Sources */ = {
			isa = PBXSourcesBuildPhase;
			buildActionMask = 2147483647;
			files = (
				A3277D2D18331DA5003EAB06 /* PeekTests.m in Sources */,
			);
			runOnlyForDeploymentPostprocessing = 0;
		};
/* End PBXSourcesBuildPhase section */

/* Begin PBXTargetDependency section */
		A3277D2518331DA5003EAB06 /* PBXTargetDependency */ = {
			isa = PBXTargetDependency;
			target = A3277CFA18331DA5003EAB06 /* Peek */;
			targetProxy = A3277D2418331DA5003EAB06 /* PBXContainerItemProxy */;
		};
/* End PBXTargetDependency section */

/* Begin PBXVariantGroup section */
		A3277D0718331DA5003EAB06 /* InfoPlist.strings */ = {
			isa = PBXVariantGroup;
			children = (
				A3277D0818331DA5003EAB06 /* en */,
			);
			name = InfoPlist.strings;
			sourceTree = "<group>";
		};
		A3277D1018331DA5003EAB06 /* Main.storyboard */ = {
			isa = PBXVariantGroup;
			children = (
				A3277D1118331DA5003EAB06 /* Base */,
			);
			name = Main.storyboard;
			sourceTree = "<group>";
		};
		A3277D2918331DA5003EAB06 /* InfoPlist.strings */ = {
			isa = PBXVariantGroup;
			children = (
				A3277D2A18331DA5003EAB06 /* en */,
			);
			name = InfoPlist.strings;
			sourceTree = "<group>";
		};
/* End PBXVariantGroup section */

/* Begin XCBuildConfiguration section */
		A3277D2E18331DA5003EAB06 /* Debug */ = {
			isa = XCBuildConfiguration;
			buildSettings = {
				ALWAYS_SEARCH_USER_PATHS = NO;
				ARCHS = "$(ARCHS_STANDARD_INCLUDING_64_BIT)";
				CLANG_CXX_LANGUAGE_STANDARD = "gnu++0x";
				CLANG_CXX_LIBRARY = "libc++";
				CLANG_ENABLE_MODULES = YES;
				CLANG_ENABLE_OBJC_ARC = YES;
				CLANG_WARN_BOOL_CONVERSION = YES;
				CLANG_WARN_CONSTANT_CONVERSION = YES;
				CLANG_WARN_DIRECT_OBJC_ISA_USAGE = YES_ERROR;
				CLANG_WARN_EMPTY_BODY = YES;
				CLANG_WARN_ENUM_CONVERSION = YES;
				CLANG_WARN_INT_CONVERSION = YES;
				CLANG_WARN_OBJC_ROOT_CLASS = YES_ERROR;
				CLANG_WARN__DUPLICATE_METHOD_MATCH = YES;
				"CODE_SIGN_IDENTITY[sdk=iphoneos*]" = "iPhone Developer";
				COPY_PHASE_STRIP = NO;
				GCC_C_LANGUAGE_STANDARD = gnu99;
				GCC_DYNAMIC_NO_PIC = NO;
				GCC_OPTIMIZATION_LEVEL = 0;
				GCC_PREPROCESSOR_DEFINITIONS = (
					"DEBUG=1",
					"$(inherited)",
				);
				GCC_SYMBOLS_PRIVATE_EXTERN = NO;
				GCC_WARN_64_TO_32_BIT_CONVERSION = YES;
				GCC_WARN_ABOUT_RETURN_TYPE = YES_ERROR;
				GCC_WARN_UNDECLARED_SELECTOR = YES;
				GCC_WARN_UNINITIALIZED_AUTOS = YES;
				GCC_WARN_UNUSED_FUNCTION = YES;
				GCC_WARN_UNUSED_VARIABLE = YES;
				IPHONEOS_DEPLOYMENT_TARGET = 7.0;
				ONLY_ACTIVE_ARCH = YES;
				SDKROOT = iphoneos;
			};
			name = Debug;
		};
		A3277D2F18331DA5003EAB06 /* Release */ = {
			isa = XCBuildConfiguration;
			buildSettings = {
				ALWAYS_SEARCH_USER_PATHS = NO;
				ARCHS = "$(ARCHS_STANDARD_INCLUDING_64_BIT)";
				CLANG_CXX_LANGUAGE_STANDARD = "gnu++0x";
				CLANG_CXX_LIBRARY = "libc++";
				CLANG_ENABLE_MODULES = YES;
				CLANG_ENABLE_OBJC_ARC = YES;
				CLANG_WARN_BOOL_CONVERSION = YES;
				CLANG_WARN_CONSTANT_CONVERSION = YES;
				CLANG_WARN_DIRECT_OBJC_ISA_USAGE = YES_ERROR;
				CLANG_WARN_EMPTY_BODY = YES;
				CLANG_WARN_ENUM_CONVERSION = YES;
				CLANG_WARN_INT_CONVERSION = YES;
				CLANG_WARN_OBJC_ROOT_CLASS = YES_ERROR;
				CLANG_WARN__DUPLICATE_METHOD_MATCH = YES;
				"CODE_SIGN_IDENTITY[sdk=iphoneos*]" = "iPhone Developer";
				COPY_PHASE_STRIP = YES;
				ENABLE_NS_ASSERTIONS = NO;
				GCC_C_LANGUAGE_STANDARD = gnu99;
				GCC_WARN_64_TO_32_BIT_CONVERSION = YES;
				GCC_WARN_ABOUT_RETURN_TYPE = YES_ERROR;
				GCC_WARN_UNDECLARED_SELECTOR = YES;
				GCC_WARN_UNINITIALIZED_AUTOS = YES;
				GCC_WARN_UNUSED_FUNCTION = YES;
				GCC_WARN_UNUSED_VARIABLE = YES;
				IPHONEOS_DEPLOYMENT_TARGET = 7.0;
				SDKROOT = iphoneos;
				VALIDATE_PRODUCT = YES;
			};
			name = Release;
		};
		A3277D3118331DA5003EAB06 /* Debug */ = {
			isa = XCBuildConfiguration;
			buildSettings = {
				ASSETCATALOG_COMPILER_APPICON_NAME = AppIcon;
				ASSETCATALOG_COMPILER_LAUNCHIMAGE_NAME = LaunchImage;
				FRAMEWORK_SEARCH_PATHS = (
					"$(inherited)",
					"/Users/mattgraf/sandbox/Peek-iOS/Peek",
					/Users/mattgraf/Documents/FacebookSDK,
				);
				GCC_PRECOMPILE_PREFIX_HEADER = YES;
				GCC_PREFIX_HEADER = "Peek/Peek-Prefix.pch";
				INFOPLIST_FILE = "Peek/Peek-Info.plist";
				PRODUCT_NAME = "$(TARGET_NAME)";
				WRAPPER_EXTENSION = app;
			};
			name = Debug;
		};
		A3277D3218331DA5003EAB06 /* Release */ = {
			isa = XCBuildConfiguration;
			buildSettings = {
				ASSETCATALOG_COMPILER_APPICON_NAME = AppIcon;
				ASSETCATALOG_COMPILER_LAUNCHIMAGE_NAME = LaunchImage;
				FRAMEWORK_SEARCH_PATHS = (
					"$(inherited)",
					"/Users/mattgraf/sandbox/Peek-iOS/Peek",
					/Users/mattgraf/Documents/FacebookSDK,
				);
				GCC_PRECOMPILE_PREFIX_HEADER = YES;
				GCC_PREFIX_HEADER = "Peek/Peek-Prefix.pch";
				INFOPLIST_FILE = "Peek/Peek-Info.plist";
				PRODUCT_NAME = "$(TARGET_NAME)";
				WRAPPER_EXTENSION = app;
			};
			name = Release;
		};
		A3277D3418331DA5003EAB06 /* Debug */ = {
			isa = XCBuildConfiguration;
			buildSettings = {
				ARCHS = "$(ARCHS_STANDARD_INCLUDING_64_BIT)";
				BUNDLE_LOADER = "$(BUILT_PRODUCTS_DIR)/Peek.app/Peek";
				FRAMEWORK_SEARCH_PATHS = (
					"$(SDKROOT)/Developer/Library/Frameworks",
					"$(inherited)",
					"$(DEVELOPER_FRAMEWORKS_DIR)",
				);
				GCC_PRECOMPILE_PREFIX_HEADER = YES;
				GCC_PREFIX_HEADER = "Peek/Peek-Prefix.pch";
				GCC_PREPROCESSOR_DEFINITIONS = (
					"DEBUG=1",
					"$(inherited)",
				);
				INFOPLIST_FILE = "PeekTests/PeekTests-Info.plist";
				PRODUCT_NAME = "$(TARGET_NAME)";
				TEST_HOST = "$(BUNDLE_LOADER)";
				WRAPPER_EXTENSION = xctest;
			};
			name = Debug;
		};
		A3277D3518331DA5003EAB06 /* Release */ = {
			isa = XCBuildConfiguration;
			buildSettings = {
				ARCHS = "$(ARCHS_STANDARD_INCLUDING_64_BIT)";
				BUNDLE_LOADER = "$(BUILT_PRODUCTS_DIR)/Peek.app/Peek";
				FRAMEWORK_SEARCH_PATHS = (
					"$(SDKROOT)/Developer/Library/Frameworks",
					"$(inherited)",
					"$(DEVELOPER_FRAMEWORKS_DIR)",
				);
				GCC_PRECOMPILE_PREFIX_HEADER = YES;
				GCC_PREFIX_HEADER = "Peek/Peek-Prefix.pch";
				INFOPLIST_FILE = "PeekTests/PeekTests-Info.plist";
				PRODUCT_NAME = "$(TARGET_NAME)";
				TEST_HOST = "$(BUNDLE_LOADER)";
				WRAPPER_EXTENSION = xctest;
			};
			name = Release;
		};
/* End XCBuildConfiguration section */

/* Begin XCConfigurationList section */
		A3277CF618331DA5003EAB06 /* Build configuration list for PBXProject "Peek" */ = {
			isa = XCConfigurationList;
			buildConfigurations = (
				A3277D2E18331DA5003EAB06 /* Debug */,
				A3277D2F18331DA5003EAB06 /* Release */,
			);
			defaultConfigurationIsVisible = 0;
			defaultConfigurationName = Release;
		};
		A3277D3018331DA5003EAB06 /* Build configuration list for PBXNativeTarget "Peek" */ = {
			isa = XCConfigurationList;
			buildConfigurations = (
				A3277D3118331DA5003EAB06 /* Debug */,
				A3277D3218331DA5003EAB06 /* Release */,
			);
			defaultConfigurationIsVisible = 0;
			defaultConfigurationName = Release;
		};
		A3277D3318331DA5003EAB06 /* Build configuration list for PBXNativeTarget "PeekTests" */ = {
			isa = XCConfigurationList;
			buildConfigurations = (
				A3277D3418331DA5003EAB06 /* Debug */,
				A3277D3518331DA5003EAB06 /* Release */,
			);
			defaultConfigurationIsVisible = 0;
			defaultConfigurationName = Release;
		};
/* End XCConfigurationList section */
	};
	rootObject = A3277CF318331DA5003EAB06 /* Project object */;
}
